
Microsoft Visual Studio Solution File, Format Version 12.00
# Visual Studio 15
VisualStudioVersion = 15.0.28010.2046
MinimumVisualStudioVersion = 10.0.40219.1
Project("{FAE04EC0-301F-11D3-BF4B-00C04F79EFBC}") = "Tests", "Tests\Tests.csproj", "{5B9EEE8F-6066-4F3D-ACAE-DEF4226232A0}"
EndProject
Project("{FAE04EC0-301F-11D3-BF4B-00C04F79EFBC}") = "GameLibrary", "GameLibrary\GameLibrary.csproj", "{9FE65730-A37D-4872-AD7D-5CD80DA8A0A3}"
EndProject
Project("{FAE04EC0-301F-11D3-BF4B-00C04F79EFBC}") = "Player", "Player\Player.csproj", "{6603780D-E6C8-4F48-9BB3-118BED1A1CD2}"
EndProject
Project("{FAE04EC0-301F-11D3-BF4B-00C04F79EFBC}") = "Game", "Game\Game.csproj", "{B9C680BD-5642-42AB-94A2-CF7C7E665A91}"
EndProject
Project("{FAE04EC0-301F-11D3-BF4B-00C04F79EFBC}") = "Server", "Server\Server.csproj", "{75A45619-6B8C-4EBE-86E6-E7AABDCFBF9D}"
EndProject
Project("{FAE04EC0-301F-11D3-BF4B-00C04F79EFBC}") = "TCPTests", "TCPTests\TCPTests.csproj", "{AFDAE304-BC24-489B-BF76-43374610B3E3}"
EndProject
Project("{FAE04EC0-301F-11D3-BF4B-00C04F79EFBC}") = "PlayerLauncher", "PlayerLauncher\PlayerLauncher.csproj", "{336C03EA-00F8-4D59-A834-6B34F8597053}"
EndProject
Global
	GlobalSection(SolutionConfigurationPlatforms) = preSolution
		Debug|Any CPU = Debug|Any CPU
		Release|Any CPU = Release|Any CPU
	EndGlobalSection
	GlobalSection(ProjectConfigurationPlatforms) = postSolution
		{5B9EEE8F-6066-4F3D-ACAE-DEF4226232A0}.Debug|Any CPU.ActiveCfg = Debug|Any CPU
		{5B9EEE8F-6066-4F3D-ACAE-DEF4226232A0}.Debug|Any CPU.Build.0 = Debug|Any CPU
		{5B9EEE8F-6066-4F3D-ACAE-DEF4226232A0}.Release|Any CPU.ActiveCfg = Release|Any CPU
		{5B9EEE8F-6066-4F3D-ACAE-DEF4226232A0}.Release|Any CPU.Build.0 = Release|Any CPU
		{9FE65730-A37D-4872-AD7D-5CD80DA8A0A3}.Debug|Any CPU.ActiveCfg = Debug|Any CPU
		{9FE65730-A37D-4872-AD7D-5CD80DA8A0A3}.Debug|Any CPU.Build.0 = Debug|Any CPU
		{9FE65730-A37D-4872-AD7D-5CD80DA8A0A3}.Release|Any CPU.ActiveCfg = Release|Any CPU
		{9FE65730-A37D-4872-AD7D-5CD80DA8A0A3}.Release|Any CPU.Build.0 = Release|Any CPU
		{6603780D-E6C8-4F48-9BB3-118BED1A1CD2}.Debug|Any CPU.ActiveCfg = Debug|Any CPU
		{6603780D-E6C8-4F48-9BB3-118BED1A1CD2}.Debug|Any CPU.Build.0 = Debug|Any CPU
		{6603780D-E6C8-4F48-9BB3-118BED1A1CD2}.Release|Any CPU.ActiveCfg = Release|Any CPU
		{6603780D-E6C8-4F48-9BB3-118BED1A1CD2}.Release|Any CPU.Build.0 = Release|Any CPU
		{B9C680BD-5642-42AB-94A2-CF7C7E665A91}.Debug|Any CPU.ActiveCfg = Debug|Any CPU
		{B9C680BD-5642-42AB-94A2-CF7C7E665A91}.Debug|Any CPU.Build.0 = Debug|Any CPU
		{B9C680BD-5642-42AB-94A2-CF7C7E665A91}.Release|Any CPU.ActiveCfg = Release|Any CPU
		{B9C680BD-5642-42AB-94A2-CF7C7E665A91}.Release|Any CPU.Build.0 = Release|Any CPU
		{75A45619-6B8C-4EBE-86E6-E7AABDCFBF9D}.Debug|Any CPU.ActiveCfg = Debug|Any CPU
		{75A45619-6B8C-4EBE-86E6-E7AABDCFBF9D}.Debug|Any CPU.Build.0 = Debug|Any CPU
		{75A45619-6B8C-4EBE-86E6-E7AABDCFBF9D}.Release|Any CPU.ActiveCfg = Release|Any CPU
		{75A45619-6B8C-4EBE-86E6-E7AABDCFBF9D}.Release|Any CPU.Build.0 = Release|Any CPU
		{AFDAE304-BC24-489B-BF76-43374610B3E3}.Debug|Any CPU.ActiveCfg = Debug|Any CPU
		{AFDAE304-BC24-489B-BF76-43374610B3E3}.Debug|Any CPU.Build.0 = Debug|Any CPU
		{AFDAE304-BC24-489B-BF76-43374610B3E3}.Release|Any CPU.ActiveCfg = Release|Any CPU
		{AFDAE304-BC24-489B-BF76-43374610B3E3}.Release|Any CPU.Build.0 = Release|Any CPU
		{336C03EA-00F8-4D59-A834-6B34F8597053}.Debug|Any CPU.ActiveCfg = Debug|Any CPU
		{336C03EA-00F8-4D59-A834-6B34F8597053}.Debug|Any CPU.Build.0 = Debug|Any CPU
		{336C03EA-00F8-4D59-A834-6B34F8597053}.Release|Any CPU.ActiveCfg = Release|Any CPU
		{336C03EA-00F8-4D59-A834-6B34F8597053}.Release|Any CPU.Build.0 = Release|Any CPU
	EndGlobalSection
	GlobalSection(SolutionProperties) = preSolution
		HideSolutionNode = FALSE
	EndGlobalSection
	GlobalSection(ExtensibilityGlobals) = postSolution
		SolutionGuid = {ADB8DC66-AC47-4113-8B00-E8A6C9696F47}
	EndGlobalSection
EndGlobal
